
Microsoft Visual Studio Solution File, Format Version 12.00
# Visual Studio Version 17
VisualStudioVersion = 17.0.31512.422
MinimumVisualStudioVersion = 10.0.40219.1
Project("{9A19103F-16F7-4668-BE54-9A1E7A4F7556}") = "Roca.Web", "Roca.Web\Roca.Web.csproj", "{A4507915-B3FE-495D-83A0-D0AE89156AF0}"
EndProject
Project("{9A19103F-16F7-4668-BE54-9A1E7A4F7556}") = "Roca.Tests", "RocaTests\Roca.Tests\Roca.Tests.csproj", "{FEF3FAD8-9D8E-45CD-BFB5-61CF5856DBAD}"
EndProject
Project("{9A19103F-16F7-4668-BE54-9A1E7A4F7556}") = "Roca.Core", "RocaCore\Roca.Core\Roca.Core.csproj", "{5D901BA2-C240-4EB0-B816-4537094AE18D}"
EndProject
Project("{9A19103F-16F7-4668-BE54-9A1E7A4F7556}") = "Roca.Bot", "RocaBot\Roca.Bot\Roca.Bot.csproj", "{ECBBE5C2-87DB-463D-A164-420A42E34E5E}"
EndProject
Project("{9A19103F-16F7-4668-BE54-9A1E7A4F7556}") = "Roca.Api", "RocaApi\Roca.Api\Roca.Api.csproj", "{E4232B2B-6B94-4F7F-84CA-237C91419EF0}"
EndProject
Project("{9A19103F-16F7-4668-BE54-9A1E7A4F7556}") = "Roca.Cmd", "Roca.Cmd\Roca.Cmd.csproj", "{FC742DE1-C81D-4D0F-8788-ECE0F5307379}"
EndProject
Global
	GlobalSection(SolutionConfigurationPlatforms) = preSolution
		Debug|Any CPU = Debug|Any CPU
		Release|Any CPU = Release|Any CPU
	EndGlobalSection
	GlobalSection(ProjectConfigurationPlatforms) = postSolution
		{A4507915-B3FE-495D-83A0-D0AE89156AF0}.Debug|Any CPU.ActiveCfg = Debug|Any CPU
		{A4507915-B3FE-495D-83A0-D0AE89156AF0}.Debug|Any CPU.Build.0 = Debug|Any CPU
		{A4507915-B3FE-495D-83A0-D0AE89156AF0}.Release|Any CPU.ActiveCfg = Release|Any CPU
		{A4507915-B3FE-495D-83A0-D0AE89156AF0}.Release|Any CPU.Build.0 = Release|Any CPU
		{FEF3FAD8-9D8E-45CD-BFB5-61CF5856DBAD}.Debug|Any CPU.ActiveCfg = Debug|Any CPU
		{FEF3FAD8-9D8E-45CD-BFB5-61CF5856DBAD}.Debug|Any CPU.Build.0 = Debug|Any CPU
		{FEF3FAD8-9D8E-45CD-BFB5-61CF5856DBAD}.Release|Any CPU.ActiveCfg = Release|Any CPU
		{FEF3FAD8-9D8E-45CD-BFB5-61CF5856DBAD}.Release|Any CPU.Build.0 = Release|Any CPU
		{5D901BA2-C240-4EB0-B816-4537094AE18D}.Debug|Any CPU.ActiveCfg = Debug|Any CPU
		{5D901BA2-C240-4EB0-B816-4537094AE18D}.Debug|Any CPU.Build.0 = Debug|Any CPU
		{5D901BA2-C240-4EB0-B816-4537094AE18D}.Release|Any CPU.ActiveCfg = Release|Any CPU
		{5D901BA2-C240-4EB0-B816-4537094AE18D}.Release|Any CPU.Build.0 = Release|Any CPU
		{ECBBE5C2-87DB-463D-A164-420A42E34E5E}.Debug|Any CPU.ActiveCfg = Debug|Any CPU
		{ECBBE5C2-87DB-463D-A164-420A42E34E5E}.Debug|Any CPU.Build.0 = Debug|Any CPU
		{ECBBE5C2-87DB-463D-A164-420A42E34E5E}.Release|Any CPU.ActiveCfg = Release|Any CPU
		{ECBBE5C2-87DB-463D-A164-420A42E34E5E}.Release|Any CPU.Build.0 = Release|Any CPU
		{E4232B2B-6B94-4F7F-84CA-237C91419EF0}.Debug|Any CPU.ActiveCfg = Debug|Any CPU
		{E4232B2B-6B94-4F7F-84CA-237C91419EF0}.Debug|Any CPU.Build.0 = Debug|Any CPU
		{E4232B2B-6B94-4F7F-84CA-237C91419EF0}.Release|Any CPU.ActiveCfg = Release|Any CPU
		{E4232B2B-6B94-4F7F-84CA-237C91419EF0}.Release|Any CPU.Build.0 = Release|Any CPU
		{FC742DE1-C81D-4D0F-8788-ECE0F5307379}.Debug|Any CPU.ActiveCfg = Debug|Any CPU
		{FC742DE1-C81D-4D0F-8788-ECE0F5307379}.Debug|Any CPU.Build.0 = Debug|Any CPU
		{FC742DE1-C81D-4D0F-8788-ECE0F5307379}.Release|Any CPU.ActiveCfg = Release|Any CPU
		{FC742DE1-C81D-4D0F-8788-ECE0F5307379}.Release|Any CPU.Build.0 = Release|Any CPU
	EndGlobalSection
	GlobalSection(SolutionProperties) = preSolution
		HideSolutionNode = FALSE
	EndGlobalSection
	GlobalSection(ExtensibilityGlobals) = postSolution
		SolutionGuid = {AD8E0881-4E96-4C7D-BB96-BBA2B415B259}
	EndGlobalSection
EndGlobal
